
Microsoft Visual Studio Solution File, Format Version 12.00
# Visual Studio Version 16
VisualStudioVersion = 16.0.31112.23
MinimumVisualStudioVersion = 10.0.40219.1
Project("{FAE04EC0-301F-11D3-BF4B-00C04F79EFBC}") = "Surveyer", "Surveyer\Surveyer.csproj", "{3C7AA379-9D6B-4D2C-8F5E-8C71234606C5}"
EndProject
Project("{FAE04EC0-301F-11D3-BF4B-00C04F79EFBC}") = "Surveyer.Tests", "Surveyer.Tests\Surveyer.Tests.csproj", "{83C12427-DA7C-441E-AAC9-AC0164C65AE6}"
EndProject
Global
	GlobalSection(SolutionConfigurationPlatforms) = preSolution
		Debug|Any CPU = Debug|Any CPU
		Release|Any CPU = Release|Any CPU
	EndGlobalSection
	GlobalSection(ProjectConfigurationPlatforms) = postSolution
		{3C7AA379-9D6B-4D2C-8F5E-8C71234606C5}.Debug|Any CPU.ActiveCfg = Debug|Any CPU
		{3C7AA379-9D6B-4D2C-8F5E-8C71234606C5}.Debug|Any CPU.Build.0 = Debug|Any CPU
		{3C7AA379-9D6B-4D2C-8F5E-8C71234606C5}.Release|Any CPU.ActiveCfg = Release|Any CPU
		{3C7AA379-9D6B-4D2C-8F5E-8C71234606C5}.Release|Any CPU.Build.0 = Release|Any CPU
		{83C12427-DA7C-441E-AAC9-AC0164C65AE6}.Debug|Any CPU.ActiveCfg = Debug|Any CPU
		{83C12427-DA7C-441E-AAC9-AC0164C65AE6}.Debug|Any CPU.Build.0 = Debug|Any CPU
		{83C12427-DA7C-441E-AAC9-AC0164C65AE6}.Release|Any CPU.ActiveCfg = Release|Any CPU
		{83C12427-DA7C-441E-AAC9-AC0164C65AE6}.Release|Any CPU.Build.0 = Release|Any CPU
	EndGlobalSection
	GlobalSection(SolutionProperties) = preSolution
		HideSolutionNode = FALSE
	EndGlobalSection
	GlobalSection(ExtensibilityGlobals) = postSolution
		SolutionGuid = {B3272FA6-2F30-4AE8-A596-BA5FEA2321B5}
	EndGlobalSection
EndGlobal
